
Microsoft Visual Studio Solution File, Format Version 12.00
# Visual Studio Version 16
VisualStudioVersion = 16.0.31829.152
MinimumVisualStudioVersion = 10.0.40219.1
Project("{FAE04EC0-301F-11D3-BF4B-00C04F79EFBC}") = "MainApplication", "MainApplication.csproj", "{3315B238-6C3B-4904-BD4F-DD480F96977F}"
EndProject
Project("{2150E333-8FDC-42A3-9474-1A3956D46DE8}") = "Assignment", "Assignment", "{82FA0CD6-62BF-4445-BD36-3AECF5A0FD7C}"
EndProject
Project("{FAE04EC0-301F-11D3-BF4B-00C04F79EFBC}") = "FirstNameLastNameinCombo", "1FirstNameLastNameinCombo\FirstNameLastNameinCombo.csproj", "{84BFF693-CDF3-4EAD-B7C4-C31C5537A619}"
EndProject
Project("{FAE04EC0-301F-11D3-BF4B-00C04F79EFBC}") = "BtnEnableOnTextChange", "2BtnEnableOnTextChange\BtnEnableOnTextChange.csproj", "{AED59736-4CD8-4C79-AA9B-73434FCB487E}"
EndProject
Project("{FAE04EC0-301F-11D3-BF4B-00C04F79EFBC}") = "ListToRadioButton", "3ListToRadioButton\ListToRadioButton.csproj", "{6ED7E1A7-E45B-419E-AB4C-B89ED0DBA407}"
EndProject
Project("{FAE04EC0-301F-11D3-BF4B-00C04F79EFBC}") = "ComboColorChangeFromRadio", "4ComboColorChangeFromRadio\ComboColorChangeFromRadio.csproj", "{0A7CB236-01AA-4370-8133-9A1A25BA6E95}"
EndProject
Project("{FAE04EC0-301F-11D3-BF4B-00C04F79EFBC}") = "TreeViewColorChangeOnRadio", "5TreeViewColorChangeOnRadio\TreeViewColorChangeOnRadio.csproj", "{90670E1D-885B-4812-964A-DE58570426CE}"
EndProject
Project("{2150E333-8FDC-42A3-9474-1A3956D46DE8}") = "MVVM", "MVVM", "{44886261-367E-4D70-BE1F-CB7704823C21}"
EndProject
Project("{2150E333-8FDC-42A3-9474-1A3956D46DE8}") = "Logical", "Logical", "{6DDEAFD3-B216-4DF6-A3E3-884FD0ACC845}"
EndProject
Project("{2150E333-8FDC-42A3-9474-1A3956D46DE8}") = "Strings", "Strings", "{3CC3EDB3-64A9-42D3-863C-DE167D0EDE2F}"
EndProject
Project("{FAE04EC0-301F-11D3-BF4B-00C04F79EFBC}") = "ReverseString", "StringReverse\ReverseString.csproj", "{E991339A-FD19-423B-AF6E-F6304F75FCCD}"
EndProject
Project("{FAE04EC0-301F-11D3-BF4B-00C04F79EFBC}") = "Palindrome", "StringPalindrome\Palindrome.csproj", "{C61126CC-CBC7-4B24-BCEC-DD885980B260}"
EndProject
Project("{FAE04EC0-301F-11D3-BF4B-00C04F79EFBC}") = "SortStringAndPrintFrequencyOfChar", "StringFrequency\SortStringAndPrintFrequencyOfChar.csproj", "{BF1FDC20-6B21-465B-BA5E-6D35ADEE4F96}"
EndProject
Project("{2150E333-8FDC-42A3-9474-1A3956D46DE8}") = "CaliburnMicro", "CaliburnMicro", "{4AEC1ADE-C7C9-4EAA-8E6D-E252CB68B275}"
EndProject
Project("{2150E333-8FDC-42A3-9474-1A3956D46DE8}") = "MVVMCore", "MVVMCore", "{0888C22D-E3BC-48A6-88CE-ABDF2F15E208}"
EndProject
Project("{FAE04EC0-301F-11D3-BF4B-00C04F79EFBC}") = "WPFUI", "CaliburnMicro\WPFUI\WPFUI.csproj", "{A7F86755-0D79-42D8-AC81-6FE0B8C86C86}"
EndProject
Project("{FAE04EC0-301F-11D3-BF4B-00C04F79EFBC}") = "MVVMCore", "MVVMCore\MVVMCore.csproj", "{49FC4D22-DC70-449A-97D4-A7BD3A8CD672}"
EndProject
Global
	GlobalSection(SolutionConfigurationPlatforms) = preSolution
		Debug|Any CPU = Debug|Any CPU
		Release|Any CPU = Release|Any CPU
	EndGlobalSection
	GlobalSection(ProjectConfigurationPlatforms) = postSolution
		{3315B238-6C3B-4904-BD4F-DD480F96977F}.Debug|Any CPU.ActiveCfg = Debug|Any CPU
		{3315B238-6C3B-4904-BD4F-DD480F96977F}.Debug|Any CPU.Build.0 = Debug|Any CPU
		{3315B238-6C3B-4904-BD4F-DD480F96977F}.Release|Any CPU.ActiveCfg = Release|Any CPU
		{3315B238-6C3B-4904-BD4F-DD480F96977F}.Release|Any CPU.Build.0 = Release|Any CPU
		{84BFF693-CDF3-4EAD-B7C4-C31C5537A619}.Debug|Any CPU.ActiveCfg = Debug|Any CPU
		{84BFF693-CDF3-4EAD-B7C4-C31C5537A619}.Debug|Any CPU.Build.0 = Debug|Any CPU
		{84BFF693-CDF3-4EAD-B7C4-C31C5537A619}.Release|Any CPU.ActiveCfg = Release|Any CPU
		{84BFF693-CDF3-4EAD-B7C4-C31C5537A619}.Release|Any CPU.Build.0 = Release|Any CPU
		{AED59736-4CD8-4C79-AA9B-73434FCB487E}.Debug|Any CPU.ActiveCfg = Debug|Any CPU
		{AED59736-4CD8-4C79-AA9B-73434FCB487E}.Debug|Any CPU.Build.0 = Debug|Any CPU
		{AED59736-4CD8-4C79-AA9B-73434FCB487E}.Release|Any CPU.ActiveCfg = Release|Any CPU
		{AED59736-4CD8-4C79-AA9B-73434FCB487E}.Release|Any CPU.Build.0 = Release|Any CPU
		{6ED7E1A7-E45B-419E-AB4C-B89ED0DBA407}.Debug|Any CPU.ActiveCfg = Debug|Any CPU
		{6ED7E1A7-E45B-419E-AB4C-B89ED0DBA407}.Debug|Any CPU.Build.0 = Debug|Any CPU
		{6ED7E1A7-E45B-419E-AB4C-B89ED0DBA407}.Release|Any CPU.ActiveCfg = Release|Any CPU
		{6ED7E1A7-E45B-419E-AB4C-B89ED0DBA407}.Release|Any CPU.Build.0 = Release|Any CPU
		{0A7CB236-01AA-4370-8133-9A1A25BA6E95}.Debug|Any CPU.ActiveCfg = Debug|Any CPU
		{0A7CB236-01AA-4370-8133-9A1A25BA6E95}.Debug|Any CPU.Build.0 = Debug|Any CPU
		{0A7CB236-01AA-4370-8133-9A1A25BA6E95}.Release|Any CPU.ActiveCfg = Release|Any CPU
		{0A7CB236-01AA-4370-8133-9A1A25BA6E95}.Release|Any CPU.Build.0 = Release|Any CPU
		{90670E1D-885B-4812-964A-DE58570426CE}.Debug|Any CPU.ActiveCfg = Debug|Any CPU
		{90670E1D-885B-4812-964A-DE58570426CE}.Debug|Any CPU.Build.0 = Debug|Any CPU
		{90670E1D-885B-4812-964A-DE58570426CE}.Release|Any CPU.ActiveCfg = Release|Any CPU
		{90670E1D-885B-4812-964A-DE58570426CE}.Release|Any CPU.Build.0 = Release|Any CPU
		{E991339A-FD19-423B-AF6E-F6304F75FCCD}.Debug|Any CPU.ActiveCfg = Debug|Any CPU
		{E991339A-FD19-423B-AF6E-F6304F75FCCD}.Debug|Any CPU.Build.0 = Debug|Any CPU
		{E991339A-FD19-423B-AF6E-F6304F75FCCD}.Release|Any CPU.ActiveCfg = Release|Any CPU
		{E991339A-FD19-423B-AF6E-F6304F75FCCD}.Release|Any CPU.Build.0 = Release|Any CPU
		{C61126CC-CBC7-4B24-BCEC-DD885980B260}.Debug|Any CPU.ActiveCfg = Debug|Any CPU
		{C61126CC-CBC7-4B24-BCEC-DD885980B260}.Debug|Any CPU.Build.0 = Debug|Any CPU
		{C61126CC-CBC7-4B24-BCEC-DD885980B260}.Release|Any CPU.ActiveCfg = Release|Any CPU
		{C61126CC-CBC7-4B24-BCEC-DD885980B260}.Release|Any CPU.Build.0 = Release|Any CPU
		{BF1FDC20-6B21-465B-BA5E-6D35ADEE4F96}.Debug|Any CPU.ActiveCfg = Debug|Any CPU
		{BF1FDC20-6B21-465B-BA5E-6D35ADEE4F96}.Debug|Any CPU.Build.0 = Debug|Any CPU
		{BF1FDC20-6B21-465B-BA5E-6D35ADEE4F96}.Release|Any CPU.ActiveCfg = Release|Any CPU
		{BF1FDC20-6B21-465B-BA5E-6D35ADEE4F96}.Release|Any CPU.Build.0 = Release|Any CPU
		{A7F86755-0D79-42D8-AC81-6FE0B8C86C86}.Debug|Any CPU.ActiveCfg = Debug|Any CPU
		{A7F86755-0D79-42D8-AC81-6FE0B8C86C86}.Debug|Any CPU.Build.0 = Debug|Any CPU
		{A7F86755-0D79-42D8-AC81-6FE0B8C86C86}.Release|Any CPU.ActiveCfg = Release|Any CPU
		{A7F86755-0D79-42D8-AC81-6FE0B8C86C86}.Release|Any CPU.Build.0 = Release|Any CPU
		{49FC4D22-DC70-449A-97D4-A7BD3A8CD672}.Debug|Any CPU.ActiveCfg = Debug|Any CPU
		{49FC4D22-DC70-449A-97D4-A7BD3A8CD672}.Debug|Any CPU.Build.0 = Debug|Any CPU
		{49FC4D22-DC70-449A-97D4-A7BD3A8CD672}.Release|Any CPU.ActiveCfg = Release|Any CPU
		{49FC4D22-DC70-449A-97D4-A7BD3A8CD672}.Release|Any CPU.Build.0 = Release|Any CPU
	EndGlobalSection
	GlobalSection(SolutionProperties) = preSolution
		HideSolutionNode = FALSE
	EndGlobalSection
	GlobalSection(NestedProjects) = preSolution
		{84BFF693-CDF3-4EAD-B7C4-C31C5537A619} = {44886261-367E-4D70-BE1F-CB7704823C21}
		{AED59736-4CD8-4C79-AA9B-73434FCB487E} = {44886261-367E-4D70-BE1F-CB7704823C21}
		{6ED7E1A7-E45B-419E-AB4C-B89ED0DBA407} = {44886261-367E-4D70-BE1F-CB7704823C21}
		{0A7CB236-01AA-4370-8133-9A1A25BA6E95} = {44886261-367E-4D70-BE1F-CB7704823C21}
		{90670E1D-885B-4812-964A-DE58570426CE} = {44886261-367E-4D70-BE1F-CB7704823C21}
		{44886261-367E-4D70-BE1F-CB7704823C21} = {82FA0CD6-62BF-4445-BD36-3AECF5A0FD7C}
		{6DDEAFD3-B216-4DF6-A3E3-884FD0ACC845} = {82FA0CD6-62BF-4445-BD36-3AECF5A0FD7C}
		{3CC3EDB3-64A9-42D3-863C-DE167D0EDE2F} = {6DDEAFD3-B216-4DF6-A3E3-884FD0ACC845}
		{E991339A-FD19-423B-AF6E-F6304F75FCCD} = {3CC3EDB3-64A9-42D3-863C-DE167D0EDE2F}
		{C61126CC-CBC7-4B24-BCEC-DD885980B260} = {3CC3EDB3-64A9-42D3-863C-DE167D0EDE2F}
		{BF1FDC20-6B21-465B-BA5E-6D35ADEE4F96} = {3CC3EDB3-64A9-42D3-863C-DE167D0EDE2F}
		{A7F86755-0D79-42D8-AC81-6FE0B8C86C86} = {4AEC1ADE-C7C9-4EAA-8E6D-E252CB68B275}
		{49FC4D22-DC70-449A-97D4-A7BD3A8CD672} = {0888C22D-E3BC-48A6-88CE-ABDF2F15E208}
	EndGlobalSection
	GlobalSection(ExtensibilityGlobals) = postSolution
		SolutionGuid = {BA133011-7383-4049-912A-A1E07F5A3975}
	EndGlobalSection
EndGlobal
